
Microsoft Visual Studio Solution File, Format Version 12.00
# Visual Studio Version 17
VisualStudioVersion = 17.14.36310.24 d17.14
MinimumVisualStudioVersion = 10.0.40219.1
Project("{FAE04EC0-301F-11D3-BF4B-00C04F79EFBC}") = "TheStore.BL", "TheStore.BL\TheStore.BL.csproj", "{3AD3EAD8-3DD3-4C40-A4C5-C47A00FCC20D}"
EndProject
Project("{FAE04EC0-301F-11D3-BF4B-00C04F79EFBC}") = "ClasesDemo01", "ClasesDemo01\ClasesDemo01.csproj", "{C532813C-66AA-48AE-B32E-41B2686BB4DC}"
EndProject
Project("{FAE04EC0-301F-11D3-BF4B-00C04F79EFBC}") = "ClassDemo01", "ClassDemo01\ClassDemo01.csproj", "{5FC92C57-47AC-4124-A167-EF0E1C17F4B0}"
EndProject
Global
	GlobalSection(SolutionConfigurationPlatforms) = preSolution
		Debug|Any CPU = Debug|Any CPU
		Release|Any CPU = Release|Any CPU
	EndGlobalSection
	GlobalSection(ProjectConfigurationPlatforms) = postSolution
		{3AD3EAD8-3DD3-4C40-A4C5-C47A00FCC20D}.Debug|Any CPU.ActiveCfg = Debug|Any CPU
		{3AD3EAD8-3DD3-4C40-A4C5-C47A00FCC20D}.Debug|Any CPU.Build.0 = Debug|Any CPU
		{3AD3EAD8-3DD3-4C40-A4C5-C47A00FCC20D}.Release|Any CPU.ActiveCfg = Release|Any CPU
		{3AD3EAD8-3DD3-4C40-A4C5-C47A00FCC20D}.Release|Any CPU.Build.0 = Release|Any CPU
		{C532813C-66AA-48AE-B32E-41B2686BB4DC}.Debug|Any CPU.ActiveCfg = Debug|Any CPU
		{C532813C-66AA-48AE-B32E-41B2686BB4DC}.Debug|Any CPU.Build.0 = Debug|Any CPU
		{C532813C-66AA-48AE-B32E-41B2686BB4DC}.Release|Any CPU.ActiveCfg = Release|Any CPU
		{C532813C-66AA-48AE-B32E-41B2686BB4DC}.Release|Any CPU.Build.0 = Release|Any CPU
		{5FC92C57-47AC-4124-A167-EF0E1C17F4B0}.Debug|Any CPU.ActiveCfg = Debug|Any CPU
		{5FC92C57-47AC-4124-A167-EF0E1C17F4B0}.Debug|Any CPU.Build.0 = Debug|Any CPU
		{5FC92C57-47AC-4124-A167-EF0E1C17F4B0}.Release|Any CPU.ActiveCfg = Release|Any CPU
		{5FC92C57-47AC-4124-A167-EF0E1C17F4B0}.Release|Any CPU.Build.0 = Release|Any CPU
	EndGlobalSection
	GlobalSection(SolutionProperties) = preSolution
		HideSolutionNode = FALSE
	EndGlobalSection
	GlobalSection(ExtensibilityGlobals) = postSolution
		SolutionGuid = {77E76507-1E60-462B-9A32-EF02BEEE8D14}
	EndGlobalSection
EndGlobal
